
Microsoft Visual Studio Solution File, Format Version 12.00
# Visual Studio Version 17
VisualStudioVersion = 17.9.34622.214
MinimumVisualStudioVersion = 10.0.40219.1
Project("{FAE04EC0-301F-11D3-BF4B-00C04F79EFBC}") = "RareCrewAssignment", "RareCrewAssignment\RareCrewAssignment.csproj", "{E43F965B-F8B0-49B3-B557-2E00E9B9F2C5}"
EndProject
Global
	GlobalSection(SolutionConfigurationPlatforms) = preSolution
		Debug|Any CPU = Debug|Any CPU
		Release|Any CPU = Release|Any CPU
	EndGlobalSection
	GlobalSection(ProjectConfigurationPlatforms) = postSolution
		{E43F965B-F8B0-49B3-B557-2E00E9B9F2C5}.Debug|Any CPU.ActiveCfg = Debug|Any CPU
		{E43F965B-F8B0-49B3-B557-2E00E9B9F2C5}.Debug|Any CPU.Build.0 = Debug|Any CPU
		{E43F965B-F8B0-49B3-B557-2E00E9B9F2C5}.Release|Any CPU.ActiveCfg = Release|Any CPU
		{E43F965B-F8B0-49B3-B557-2E00E9B9F2C5}.Release|Any CPU.Build.0 = Release|Any CPU
	EndGlobalSection
	GlobalSection(SolutionProperties) = preSolution
		HideSolutionNode = FALSE
	EndGlobalSection
	GlobalSection(ExtensibilityGlobals) = postSolution
		SolutionGuid = {2A470653-F2C4-4905-BB0C-06A57C8FF8AF}
	EndGlobalSection
EndGlobal
